// !$*UTF8*$!
{
	archiveVersion = 1;
	classes = {
	};
	objectVersion = 50;
	objects = {

/* Begin PBXBuildFile section */
		754CF8CA24030AE500483CCF /* NetworkWrapper.swift in Sources */ = {isa = PBXBuildFile; fileRef = 754CF8C924030AE500483CCF /* NetworkWrapper.swift */; };
		754CF8CD24030B3D00483CCF /* Jet2TTError.swift in Sources */ = {isa = PBXBuildFile; fileRef = 754CF8CC24030B3D00483CCF /* Jet2TTError.swift */; };
		754CF8CF24030C6300483CCF /* Utility.swift in Sources */ = {isa = PBXBuildFile; fileRef = 754CF8CE24030C6300483CCF /* Utility.swift */; };
		754CF8D124030CA000483CCF /* ImageDownloader.swift in Sources */ = {isa = PBXBuildFile; fileRef = 754CF8D024030CA000483CCF /* ImageDownloader.swift */; };
		754CF8D424030CFA00483CCF /* employee.json in Resources */ = {isa = PBXBuildFile; fileRef = 754CF8D324030CFA00483CCF /* employee.json */; };
		754CF8D924030E9700483CCF /* SpinnerView.swift in Sources */ = {isa = PBXBuildFile; fileRef = 754CF8D824030E9700483CCF /* SpinnerView.swift */; };
		754CF8DC24030F0900483CCF /* Jet2TTEmployeeCell.swift in Sources */ = {isa = PBXBuildFile; fileRef = 754CF8DB24030F0900483CCF /* Jet2TTEmployeeCell.swift */; };
		754CF8DE24030FAB00483CCF /* Jet2TTTitleView.swift in Sources */ = {isa = PBXBuildFile; fileRef = 754CF8DD24030FAB00483CCF /* Jet2TTTitleView.swift */; };
		754CF8E02403109C00483CCF /* Jet2TTNoConnectionView.swift in Sources */ = {isa = PBXBuildFile; fileRef = 754CF8DF2403109C00483CCF /* Jet2TTNoConnectionView.swift */; };
		754CF8E22403140200483CCF /* Employee+CoreDataClass.swift in Sources */ = {isa = PBXBuildFile; fileRef = 754CF8E12403140200483CCF /* Employee+CoreDataClass.swift */; };
		754CF8EA240315B300483CCF /* Jet2TTEmployeeDetailViewController.swift in Sources */ = {isa = PBXBuildFile; fileRef = 754CF8E9240315B300483CCF /* Jet2TTEmployeeDetailViewController.swift */; };
		754CF8ED240316C400483CCF /* Jet2TTEmployeeViewModel.swift in Sources */ = {isa = PBXBuildFile; fileRef = 754CF8EC240316C400483CCF /* Jet2TTEmployeeViewModel.swift */; };
		754D771324044DC100769039 /* Jet2TTEmployeeDetailCell.swift in Sources */ = {isa = PBXBuildFile; fileRef = 754D771224044DC100769039 /* Jet2TTEmployeeDetailCell.swift */; };
		754D771524044E1200769039 /* Jet2TTEmployeeDetailHeaderView.swift in Sources */ = {isa = PBXBuildFile; fileRef = 754D771424044E1200769039 /* Jet2TTEmployeeDetailHeaderView.swift */; };
		754D771724044E4300769039 /* Jet2TTEmployeeDetailHeaderView.xib in Resources */ = {isa = PBXBuildFile; fileRef = 754D771624044E4300769039 /* Jet2TTEmployeeDetailHeaderView.xib */; };
		7560A8DF240A24010081679D /* Jet2TTApp.xcdatamodeld in Sources */ = {isa = PBXBuildFile; fileRef = 7560A8DB240A24010081679D /* Jet2TTApp.xcdatamodeld */; };
		7560A8E0240A24010081679D /* CoreDataManager.swift in Sources */ = {isa = PBXBuildFile; fileRef = 7560A8DD240A24010081679D /* CoreDataManager.swift */; };
		7560A8E1240A24010081679D /* Jet2TTCoreDataStack.swift in Sources */ = {isa = PBXBuildFile; fileRef = 7560A8DE240A24010081679D /* Jet2TTCoreDataStack.swift */; };
		7560A8E4240A27620081679D /* Reachability.swift in Sources */ = {isa = PBXBuildFile; fileRef = 7560A8E2240A27610081679D /* Reachability.swift */; };
		7560A8E5240A27620081679D /* ReachabilityManager.swift in Sources */ = {isa = PBXBuildFile; fileRef = 7560A8E3240A27620081679D /* ReachabilityManager.swift */; };
		7560A8F9240A2AFF0081679D /* CD_Dob+CoreDataClass.swift in Sources */ = {isa = PBXBuildFile; fileRef = 7560A8E7240A2AFC0081679D /* CD_Dob+CoreDataClass.swift */; };
		7560A8FA240A2AFF0081679D /* NameService.swift in Sources */ = {isa = PBXBuildFile; fileRef = 7560A8E8240A2AFC0081679D /* NameService.swift */; };
		7560A8FB240A2AFF0081679D /* CD_Picture+CoreDataClass.swift in Sources */ = {isa = PBXBuildFile; fileRef = 7560A8E9240A2AFC0081679D /* CD_Picture+CoreDataClass.swift */; };
		7560A8FC240A2AFF0081679D /* CD_Location+CoreDataProperties.swift in Sources */ = {isa = PBXBuildFile; fileRef = 7560A8EA240A2AFC0081679D /* CD_Location+CoreDataProperties.swift */; };
		7560A8FD240A2AFF0081679D /* LocationService.swift in Sources */ = {isa = PBXBuildFile; fileRef = 7560A8EB240A2AFC0081679D /* LocationService.swift */; };
		7560A8FE240A2AFF0081679D /* CD_Picture+CoreDataProperties.swift in Sources */ = {isa = PBXBuildFile; fileRef = 7560A8EC240A2AFC0081679D /* CD_Picture+CoreDataProperties.swift */; };
		7560A8FF240A2AFF0081679D /* DOBService.swift in Sources */ = {isa = PBXBuildFile; fileRef = 7560A8ED240A2AFC0081679D /* DOBService.swift */; };
		7560A900240A2AFF0081679D /* PictureService.swift in Sources */ = {isa = PBXBuildFile; fileRef = 7560A8EE240A2AFD0081679D /* PictureService.swift */; };
		7560A901240A2AFF0081679D /* CD_Member+CoreDataProperties.swift in Sources */ = {isa = PBXBuildFile; fileRef = 7560A8EF240A2AFD0081679D /* CD_Member+CoreDataProperties.swift */; };
		7560A902240A2AFF0081679D /* CD_Location+CoreDataClass.swift in Sources */ = {isa = PBXBuildFile; fileRef = 7560A8F0240A2AFD0081679D /* CD_Location+CoreDataClass.swift */; };
		7560A903240A2AFF0081679D /* CD_PageInfo+CoreDataProperties.swift in Sources */ = {isa = PBXBuildFile; fileRef = 7560A8F1240A2AFD0081679D /* CD_PageInfo+CoreDataProperties.swift */; };
		7560A904240A2AFF0081679D /* CD_Name+CoreDataProperties.swift in Sources */ = {isa = PBXBuildFile; fileRef = 7560A8F2240A2AFD0081679D /* CD_Name+CoreDataProperties.swift */; };
		7560A905240A2AFF0081679D /* CD_PageInfo+CoreDataClass.swift in Sources */ = {isa = PBXBuildFile; fileRef = 7560A8F3240A2AFD0081679D /* CD_PageInfo+CoreDataClass.swift */; };
		7560A906240A2AFF0081679D /* CD_Member+CoreDataClass.swift in Sources */ = {isa = PBXBuildFile; fileRef = 7560A8F4240A2AFE0081679D /* CD_Member+CoreDataClass.swift */; };
		7560A907240A2AFF0081679D /* CD_Dob+CoreDataProperties.swift in Sources */ = {isa = PBXBuildFile; fileRef = 7560A8F5240A2AFE0081679D /* CD_Dob+CoreDataProperties.swift */; };
		7560A908240A2AFF0081679D /* CD_Name+CoreDataClass.swift in Sources */ = {isa = PBXBuildFile; fileRef = 7560A8F6240A2AFE0081679D /* CD_Name+CoreDataClass.swift */; };
		7560A909240A2AFF0081679D /* InfoService.swift in Sources */ = {isa = PBXBuildFile; fileRef = 7560A8F7240A2AFF0081679D /* InfoService.swift */; };
		7560A90A240A2AFF0081679D /* MemberService.swift in Sources */ = {isa = PBXBuildFile; fileRef = 7560A8F8240A2AFF0081679D /* MemberService.swift */; };
		7560A90C240A2FC10081679D /* NetworkWrapperTests.swift in Sources */ = {isa = PBXBuildFile; fileRef = 7560A90B240A2FC10081679D /* NetworkWrapperTests.swift */; };
		758B44EE24006594001CEDAA /* AppDelegate.swift in Sources */ = {isa = PBXBuildFile; fileRef = 758B44ED24006594001CEDAA /* AppDelegate.swift */; };
		758B44F224006594001CEDAA /* Jet2TTEmployeeViewController.swift in Sources */ = {isa = PBXBuildFile; fileRef = 758B44F124006594001CEDAA /* Jet2TTEmployeeViewController.swift */; };
		758B44F524006594001CEDAA /* Main.storyboard in Resources */ = {isa = PBXBuildFile; fileRef = 758B44F324006594001CEDAA /* Main.storyboard */; };
		758B44FA24006596001CEDAA /* Assets.xcassets in Resources */ = {isa = PBXBuildFile; fileRef = 758B44F924006596001CEDAA /* Assets.xcassets */; };
		758B44FD24006596001CEDAA /* LaunchScreen.storyboard in Resources */ = {isa = PBXBuildFile; fileRef = 758B44FB24006596001CEDAA /* LaunchScreen.storyboard */; };
		758B450824006597001CEDAA /* Jet2TTAppTests.swift in Sources */ = {isa = PBXBuildFile; fileRef = 758B450724006597001CEDAA /* Jet2TTAppTests.swift */; };
		758B451424006634001CEDAA /* Members.swift in Sources */ = {isa = PBXBuildFile; fileRef = 758B451324006634001CEDAA /* Members.swift */; };
/* End PBXBuildFile section */

/* Begin PBXContainerItemProxy section */
		758B450424006596001CEDAA /* PBXContainerItemProxy */ = {
			isa = PBXContainerItemProxy;
			containerPortal = 758B44E224006594001CEDAA /* Project object */;
			proxyType = 1;
			remoteGlobalIDString = 758B44E924006594001CEDAA;
			remoteInfo = Jet2TTApp;
		};
/* End PBXContainerItemProxy section */

/* Begin PBXFileReference section */
		754CF8C924030AE500483CCF /* NetworkWrapper.swift */ = {isa = PBXFileReference; lastKnownFileType = sourcecode.swift; path = NetworkWrapper.swift; sourceTree = "<group>"; };
		754CF8CC24030B3D00483CCF /* Jet2TTError.swift */ = {isa = PBXFileReference; lastKnownFileType = sourcecode.swift; path = Jet2TTError.swift; sourceTree = "<group>"; };
		754CF8CE24030C6300483CCF /* Utility.swift */ = {isa = PBXFileReference; lastKnownFileType = sourcecode.swift; path = Utility.swift; sourceTree = "<group>"; };
		754CF8D024030CA000483CCF /* ImageDownloader.swift */ = {isa = PBXFileReference; lastKnownFileType = sourcecode.swift; path = ImageDownloader.swift; sourceTree = "<group>"; };
		754CF8D324030CFA00483CCF /* employee.json */ = {isa = PBXFileReference; fileEncoding = 4; lastKnownFileType = text.json; path = employee.json; sourceTree = "<group>"; };
		754CF8D824030E9700483CCF /* SpinnerView.swift */ = {isa = PBXFileReference; lastKnownFileType = sourcecode.swift; path = SpinnerView.swift; sourceTree = "<group>"; };
		754CF8DB24030F0900483CCF /* Jet2TTEmployeeCell.swift */ = {isa = PBXFileReference; lastKnownFileType = sourcecode.swift; path = Jet2TTEmployeeCell.swift; sourceTree = "<group>"; };
		754CF8DD24030FAB00483CCF /* Jet2TTTitleView.swift */ = {isa = PBXFileReference; lastKnownFileType = sourcecode.swift; path = Jet2TTTitleView.swift; sourceTree = "<group>"; };
		754CF8DF2403109C00483CCF /* Jet2TTNoConnectionView.swift */ = {isa = PBXFileReference; lastKnownFileType = sourcecode.swift; path = Jet2TTNoConnectionView.swift; sourceTree = "<group>"; };
		754CF8E12403140200483CCF /* Employee+CoreDataClass.swift */ = {isa = PBXFileReference; lastKnownFileType = sourcecode.swift; path = "Employee+CoreDataClass.swift"; sourceTree = "<group>"; };
		754CF8E9240315B300483CCF /* Jet2TTEmployeeDetailViewController.swift */ = {isa = PBXFileReference; lastKnownFileType = sourcecode.swift; path = Jet2TTEmployeeDetailViewController.swift; sourceTree = "<group>"; };
		754CF8EC240316C400483CCF /* Jet2TTEmployeeViewModel.swift */ = {isa = PBXFileReference; lastKnownFileType = sourcecode.swift; path = Jet2TTEmployeeViewModel.swift; sourceTree = "<group>"; };
		754D771224044DC100769039 /* Jet2TTEmployeeDetailCell.swift */ = {isa = PBXFileReference; lastKnownFileType = sourcecode.swift; path = Jet2TTEmployeeDetailCell.swift; sourceTree = "<group>"; };
		754D771424044E1200769039 /* Jet2TTEmployeeDetailHeaderView.swift */ = {isa = PBXFileReference; lastKnownFileType = sourcecode.swift; path = Jet2TTEmployeeDetailHeaderView.swift; sourceTree = "<group>"; };
		754D771624044E4300769039 /* Jet2TTEmployeeDetailHeaderView.xib */ = {isa = PBXFileReference; fileEncoding = 4; lastKnownFileType = file.xib; path = Jet2TTEmployeeDetailHeaderView.xib; sourceTree = "<group>"; };
		7560A8DC240A24010081679D /* VAManagerBuddy.xcdatamodel */ = {isa = PBXFileReference; lastKnownFileType = wrapper.xcdatamodel; path = VAManagerBuddy.xcdatamodel; sourceTree = "<group>"; };
		7560A8DD240A24010081679D /* CoreDataManager.swift */ = {isa = PBXFileReference; fileEncoding = 4; lastKnownFileType = sourcecode.swift; path = CoreDataManager.swift; sourceTree = "<group>"; };
		7560A8DE240A24010081679D /* Jet2TTCoreDataStack.swift */ = {isa = PBXFileReference; fileEncoding = 4; lastKnownFileType = sourcecode.swift; path = Jet2TTCoreDataStack.swift; sourceTree = "<group>"; };
		7560A8E2240A27610081679D /* Reachability.swift */ = {isa = PBXFileReference; fileEncoding = 4; lastKnownFileType = sourcecode.swift; path = Reachability.swift; sourceTree = "<group>"; };
		7560A8E3240A27620081679D /* ReachabilityManager.swift */ = {isa = PBXFileReference; fileEncoding = 4; lastKnownFileType = sourcecode.swift; path = ReachabilityManager.swift; sourceTree = "<group>"; };
		7560A8E7240A2AFC0081679D /* CD_Dob+CoreDataClass.swift */ = {isa = PBXFileReference; fileEncoding = 4; lastKnownFileType = sourcecode.swift; path = "CD_Dob+CoreDataClass.swift"; sourceTree = "<group>"; };
		7560A8E8240A2AFC0081679D /* NameService.swift */ = {isa = PBXFileReference; fileEncoding = 4; lastKnownFileType = sourcecode.swift; path = NameService.swift; sourceTree = "<group>"; };
		7560A8E9240A2AFC0081679D /* CD_Picture+CoreDataClass.swift */ = {isa = PBXFileReference; fileEncoding = 4; lastKnownFileType = sourcecode.swift; path = "CD_Picture+CoreDataClass.swift"; sourceTree = "<group>"; };
		7560A8EA240A2AFC0081679D /* CD_Location+CoreDataProperties.swift */ = {isa = PBXFileReference; fileEncoding = 4; lastKnownFileType = sourcecode.swift; path = "CD_Location+CoreDataProperties.swift"; sourceTree = "<group>"; };
		7560A8EB240A2AFC0081679D /* LocationService.swift */ = {isa = PBXFileReference; fileEncoding = 4; lastKnownFileType = sourcecode.swift; path = LocationService.swift; sourceTree = "<group>"; };
		7560A8EC240A2AFC0081679D /* CD_Picture+CoreDataProperties.swift */ = {isa = PBXFileReference; fileEncoding = 4; lastKnownFileType = sourcecode.swift; path = "CD_Picture+CoreDataProperties.swift"; sourceTree = "<group>"; };
		7560A8ED240A2AFC0081679D /* DOBService.swift */ = {isa = PBXFileReference; fileEncoding = 4; lastKnownFileType = sourcecode.swift; path = DOBService.swift; sourceTree = "<group>"; };
		7560A8EE240A2AFD0081679D /* PictureService.swift */ = {isa = PBXFileReference; fileEncoding = 4; lastKnownFileType = sourcecode.swift; path = PictureService.swift; sourceTree = "<group>"; };
		7560A8EF240A2AFD0081679D /* CD_Member+CoreDataProperties.swift */ = {isa = PBXFileReference; fileEncoding = 4; lastKnownFileType = sourcecode.swift; path = "CD_Member+CoreDataProperties.swift"; sourceTree = "<group>"; };
		7560A8F0240A2AFD0081679D /* CD_Location+CoreDataClass.swift */ = {isa = PBXFileReference; fileEncoding = 4; lastKnownFileType = sourcecode.swift; path = "CD_Location+CoreDataClass.swift"; sourceTree = "<group>"; };
		7560A8F1240A2AFD0081679D /* CD_PageInfo+CoreDataProperties.swift */ = {isa = PBXFileReference; fileEncoding = 4; lastKnownFileType = sourcecode.swift; path = "CD_PageInfo+CoreDataProperties.swift"; sourceTree = "<group>"; };
		7560A8F2240A2AFD0081679D /* CD_Name+CoreDataProperties.swift */ = {isa = PBXFileReference; fileEncoding = 4; lastKnownFileType = sourcecode.swift; path = "CD_Name+CoreDataProperties.swift"; sourceTree = "<group>"; };
		7560A8F3240A2AFD0081679D /* CD_PageInfo+CoreDataClass.swift */ = {isa = PBXFileReference; fileEncoding = 4; lastKnownFileType = sourcecode.swift; path = "CD_PageInfo+CoreDataClass.swift"; sourceTree = "<group>"; };
		7560A8F4240A2AFE0081679D /* CD_Member+CoreDataClass.swift */ = {isa = PBXFileReference; fileEncoding = 4; lastKnownFileType = sourcecode.swift; path = "CD_Member+CoreDataClass.swift"; sourceTree = "<group>"; };
		7560A8F5240A2AFE0081679D /* CD_Dob+CoreDataProperties.swift */ = {isa = PBXFileReference; fileEncoding = 4; lastKnownFileType = sourcecode.swift; path = "CD_Dob+CoreDataProperties.swift"; sourceTree = "<group>"; };
		7560A8F6240A2AFE0081679D /* CD_Name+CoreDataClass.swift */ = {isa = PBXFileReference; fileEncoding = 4; lastKnownFileType = sourcecode.swift; path = "CD_Name+CoreDataClass.swift"; sourceTree = "<group>"; };
		7560A8F7240A2AFF0081679D /* InfoService.swift */ = {isa = PBXFileReference; fileEncoding = 4; lastKnownFileType = sourcecode.swift; path = InfoService.swift; sourceTree = "<group>"; };
		7560A8F8240A2AFF0081679D /* MemberService.swift */ = {isa = PBXFileReference; fileEncoding = 4; lastKnownFileType = sourcecode.swift; path = MemberService.swift; sourceTree = "<group>"; };
		7560A90B240A2FC10081679D /* NetworkWrapperTests.swift */ = {isa = PBXFileReference; fileEncoding = 4; lastKnownFileType = sourcecode.swift; path = NetworkWrapperTests.swift; sourceTree = "<group>"; };
		758B44EA24006594001CEDAA /* Jet2TTApp.app */ = {isa = PBXFileReference; explicitFileType = wrapper.application; includeInIndex = 0; path = Jet2TTApp.app; sourceTree = BUILT_PRODUCTS_DIR; };
		758B44ED24006594001CEDAA /* AppDelegate.swift */ = {isa = PBXFileReference; lastKnownFileType = sourcecode.swift; path = AppDelegate.swift; sourceTree = "<group>"; };
		758B44F124006594001CEDAA /* Jet2TTEmployeeViewController.swift */ = {isa = PBXFileReference; lastKnownFileType = sourcecode.swift; path = Jet2TTEmployeeViewController.swift; sourceTree = "<group>"; };
		758B44F424006594001CEDAA /* Base */ = {isa = PBXFileReference; lastKnownFileType = file.storyboard; name = Base; path = Base.lproj/Main.storyboard; sourceTree = "<group>"; };
		758B44F924006596001CEDAA /* Assets.xcassets */ = {isa = PBXFileReference; lastKnownFileType = folder.assetcatalog; path = Assets.xcassets; sourceTree = "<group>"; };
		758B44FC24006596001CEDAA /* Base */ = {isa = PBXFileReference; lastKnownFileType = file.storyboard; name = Base; path = Base.lproj/LaunchScreen.storyboard; sourceTree = "<group>"; };
		758B44FE24006596001CEDAA /* Info.plist */ = {isa = PBXFileReference; lastKnownFileType = text.plist.xml; path = Info.plist; sourceTree = "<group>"; };
		758B450324006596001CEDAA /* Jet2TTAppTests.xctest */ = {isa = PBXFileReference; explicitFileType = wrapper.cfbundle; includeInIndex = 0; path = Jet2TTAppTests.xctest; sourceTree = BUILT_PRODUCTS_DIR; };
		758B450724006597001CEDAA /* Jet2TTAppTests.swift */ = {isa = PBXFileReference; lastKnownFileType = sourcecode.swift; path = Jet2TTAppTests.swift; sourceTree = "<group>"; };
		758B450924006597001CEDAA /* Info.plist */ = {isa = PBXFileReference; lastKnownFileType = text.plist.xml; path = Info.plist; sourceTree = "<group>"; };
		758B451324006634001CEDAA /* Members.swift */ = {isa = PBXFileReference; lastKnownFileType = sourcecode.swift; path = Members.swift; sourceTree = "<group>"; };
/* End PBXFileReference section */

/* Begin PBXFrameworksBuildPhase section */
		758B44E724006594001CEDAA /* Frameworks */ = {
			isa = PBXFrameworksBuildPhase;
			buildActionMask = 2147483647;
			files = (
			);
			runOnlyForDeploymentPostprocessing = 0;
		};
		758B450024006596001CEDAA /* Frameworks */ = {
			isa = PBXFrameworksBuildPhase;
			buildActionMask = 2147483647;
			files = (
			);
			runOnlyForDeploymentPostprocessing = 0;
		};
/* End PBXFrameworksBuildPhase section */

/* Begin PBXGroup section */
		754CF8C624030A8000483CCF /* Network Wrapper */ = {
			isa = PBXGroup;
			children = (
				7560A8E3240A27620081679D /* ReachabilityManager.swift */,
				7560A8E2240A27610081679D /* Reachability.swift */,
				754CF8C924030AE500483CCF /* NetworkWrapper.swift */,
			);
			path = "Network Wrapper";
			sourceTree = "<group>";
		};
		754CF8CB24030B1000483CCF /* Common Classes */ = {
			isa = PBXGroup;
			children = (
				754CF8CC24030B3D00483CCF /* Jet2TTError.swift */,
				754CF8CE24030C6300483CCF /* Utility.swift */,
				754CF8D024030CA000483CCF /* ImageDownloader.swift */,
			);
			path = "Common Classes";
			sourceTree = "<group>";
		};
		754CF8D224030CEB00483CCF /* Resources */ = {
			isa = PBXGroup;
			children = (
				754CF8D324030CFA00483CCF /* employee.json */,
			);
			path = Resources;
			sourceTree = "<group>";
		};
		754CF8D724030E7E00483CCF /* View */ = {
			isa = PBXGroup;
			children = (
				758B4512240065B9001CEDAA /* View Controllers */,
				754CF8DA24030EE000483CCF /* TableView Cells */,
				754CF8D824030E9700483CCF /* SpinnerView.swift */,
				754CF8DD24030FAB00483CCF /* Jet2TTTitleView.swift */,
				754CF8DF2403109C00483CCF /* Jet2TTNoConnectionView.swift */,
				754D771424044E1200769039 /* Jet2TTEmployeeDetailHeaderView.swift */,
				754D771624044E4300769039 /* Jet2TTEmployeeDetailHeaderView.xib */,
			);
			path = View;
			sourceTree = "<group>";
		};
		754CF8DA24030EE000483CCF /* TableView Cells */ = {
			isa = PBXGroup;
			children = (
				754CF8DB24030F0900483CCF /* Jet2TTEmployeeCell.swift */,
				754D771224044DC100769039 /* Jet2TTEmployeeDetailCell.swift */,
			);
			path = "TableView Cells";
			sourceTree = "<group>";
		};
		754CF8EB240316A900483CCF /* View Model */ = {
			isa = PBXGroup;
			children = (
				754CF8EC240316C400483CCF /* Jet2TTEmployeeViewModel.swift */,
			);
			path = "View Model";
			sourceTree = "<group>";
		};
		7560A8DA240A23CD0081679D /* Core Data */ = {
			isa = PBXGroup;
			children = (
				7560A8E6240A2AE60081679D /* Core Data Model */,
				7560A8DD240A24010081679D /* CoreDataManager.swift */,
				7560A8DE240A24010081679D /* Jet2TTCoreDataStack.swift */,
				7560A8DB240A24010081679D /* Jet2TTApp.xcdatamodeld */,
			);
			path = "Core Data";
			sourceTree = "<group>";
		};
		7560A8E6240A2AE60081679D /* Core Data Model */ = {
			isa = PBXGroup;
			children = (
				7560A8E9240A2AFC0081679D /* CD_Picture+CoreDataClass.swift */,
				7560A8EC240A2AFC0081679D /* CD_Picture+CoreDataProperties.swift */,
				7560A8E7240A2AFC0081679D /* CD_Dob+CoreDataClass.swift */,
				7560A8F5240A2AFE0081679D /* CD_Dob+CoreDataProperties.swift */,
				7560A8F6240A2AFE0081679D /* CD_Name+CoreDataClass.swift */,
				7560A8F2240A2AFD0081679D /* CD_Name+CoreDataProperties.swift */,
				7560A8F0240A2AFD0081679D /* CD_Location+CoreDataClass.swift */,
				7560A8EA240A2AFC0081679D /* CD_Location+CoreDataProperties.swift */,
				7560A8F4240A2AFE0081679D /* CD_Member+CoreDataClass.swift */,
				7560A8EF240A2AFD0081679D /* CD_Member+CoreDataProperties.swift */,
				7560A8F3240A2AFD0081679D /* CD_PageInfo+CoreDataClass.swift */,
				7560A8F1240A2AFD0081679D /* CD_PageInfo+CoreDataProperties.swift */,
				7560A8ED240A2AFC0081679D /* DOBService.swift */,
				7560A8F7240A2AFF0081679D /* InfoService.swift */,
				7560A8F8240A2AFF0081679D /* MemberService.swift */,
				7560A8EB240A2AFC0081679D /* LocationService.swift */,
				7560A8E8240A2AFC0081679D /* NameService.swift */,
				7560A8EE240A2AFD0081679D /* PictureService.swift */,
			);
			name = "Core Data Model";
			sourceTree = "<group>";
		};
		758B44E124006594001CEDAA = {
			isa = PBXGroup;
			children = (
				758B44EC24006594001CEDAA /* Jet2TTApp */,
				758B450624006597001CEDAA /* Jet2TTAppTests */,
				758B44EB24006594001CEDAA /* Products */,
			);
			sourceTree = "<group>";
		};
		758B44EB24006594001CEDAA /* Products */ = {
			isa = PBXGroup;
			children = (
				758B44EA24006594001CEDAA /* Jet2TTApp.app */,
				758B450324006596001CEDAA /* Jet2TTAppTests.xctest */,
			);
			name = Products;
			sourceTree = "<group>";
		};
		758B44EC24006594001CEDAA /* Jet2TTApp */ = {
			isa = PBXGroup;
			children = (
				7560A8DA240A23CD0081679D /* Core Data */,
				758B45152400663B001CEDAA /* Model */,
				754CF8D724030E7E00483CCF /* View */,
				754CF8EB240316A900483CCF /* View Model */,
				754CF8D224030CEB00483CCF /* Resources */,
				754CF8CB24030B1000483CCF /* Common Classes */,
				754CF8C624030A8000483CCF /* Network Wrapper */,
				758B44ED24006594001CEDAA /* AppDelegate.swift */,
				758B44F324006594001CEDAA /* Main.storyboard */,
				758B44F924006596001CEDAA /* Assets.xcassets */,
				758B44FB24006596001CEDAA /* LaunchScreen.storyboard */,
				758B44FE24006596001CEDAA /* Info.plist */,
			);
			path = Jet2TTApp;
			sourceTree = "<group>";
		};
		758B450624006597001CEDAA /* Jet2TTAppTests */ = {
			isa = PBXGroup;
			children = (
				758B450724006597001CEDAA /* Jet2TTAppTests.swift */,
				758B450924006597001CEDAA /* Info.plist */,
				7560A90B240A2FC10081679D /* NetworkWrapperTests.swift */,
			);
			path = Jet2TTAppTests;
			sourceTree = "<group>";
		};
		758B4512240065B9001CEDAA /* View Controllers */ = {
			isa = PBXGroup;
			children = (
				758B44F124006594001CEDAA /* Jet2TTEmployeeViewController.swift */,
				754CF8E9240315B300483CCF /* Jet2TTEmployeeDetailViewController.swift */,
			);
			path = "View Controllers";
			sourceTree = "<group>";
		};
		758B45152400663B001CEDAA /* Model */ = {
			isa = PBXGroup;
			children = (
				758B451324006634001CEDAA /* Members.swift */,
				754CF8E12403140200483CCF /* Employee+CoreDataClass.swift */,
			);
			path = Model;
			sourceTree = "<group>";
		};
/* End PBXGroup section */

/* Begin PBXNativeTarget section */
		758B44E924006594001CEDAA /* Jet2TTApp */ = {
			isa = PBXNativeTarget;
			buildConfigurationList = 758B450C24006597001CEDAA /* Build configuration list for PBXNativeTarget "Jet2TTApp" */;
			buildPhases = (
				758B44E624006594001CEDAA /* Sources */,
				758B44E724006594001CEDAA /* Frameworks */,
				758B44E824006594001CEDAA /* Resources */,
			);
			buildRules = (
			);
			dependencies = (
			);
			name = Jet2TTApp;
			productName = Jet2TTApp;
			productReference = 758B44EA24006594001CEDAA /* Jet2TTApp.app */;
			productType = "com.apple.product-type.application";
		};
		758B450224006596001CEDAA /* Jet2TTAppTests */ = {
			isa = PBXNativeTarget;
			buildConfigurationList = 758B450F24006597001CEDAA /* Build configuration list for PBXNativeTarget "Jet2TTAppTests" */;
			buildPhases = (
				758B44FF24006596001CEDAA /* Sources */,
				758B450024006596001CEDAA /* Frameworks */,
				758B450124006596001CEDAA /* Resources */,
			);
			buildRules = (
			);
			dependencies = (
				758B450524006596001CEDAA /* PBXTargetDependency */,
			);
			name = Jet2TTAppTests;
			productName = Jet2TTAppTests;
			productReference = 758B450324006596001CEDAA /* Jet2TTAppTests.xctest */;
			productType = "com.apple.product-type.bundle.unit-test";
		};
/* End PBXNativeTarget section */

/* Begin PBXProject section */
		758B44E224006594001CEDAA /* Project object */ = {
			isa = PBXProject;
			attributes = {
				LastSwiftUpdateCheck = 1120;
				LastUpgradeCheck = 1120;
				ORGANIZATIONNAME = "Anuj Rai";
				TargetAttributes = {
					758B44E924006594001CEDAA = {
						CreatedOnToolsVersion = 11.2.1;
					};
					758B450224006596001CEDAA = {
						CreatedOnToolsVersion = 11.2.1;
						TestTargetID = 758B44E924006594001CEDAA;
					};
				};
			};
			buildConfigurationList = 758B44E524006594001CEDAA /* Build configuration list for PBXProject "Jet2TTApp" */;
			compatibilityVersion = "Xcode 9.3";
			developmentRegion = en;
			hasScannedForEncodings = 0;
			knownRegions = (
				en,
				Base,
			);
			mainGroup = 758B44E124006594001CEDAA;
			productRefGroup = 758B44EB24006594001CEDAA /* Products */;
			projectDirPath = "";
			projectRoot = "";
			targets = (
				758B44E924006594001CEDAA /* Jet2TTApp */,
				758B450224006596001CEDAA /* Jet2TTAppTests */,
			);
		};
/* End PBXProject section */

/* Begin PBXResourcesBuildPhase section */
		758B44E824006594001CEDAA /* Resources */ = {
			isa = PBXResourcesBuildPhase;
			buildActionMask = 2147483647;
			files = (
				754D771724044E4300769039 /* Jet2TTEmployeeDetailHeaderView.xib in Resources */,
				758B44FD24006596001CEDAA /* LaunchScreen.storyboard in Resources */,
				754CF8D424030CFA00483CCF /* employee.json in Resources */,
				758B44FA24006596001CEDAA /* Assets.xcassets in Resources */,
				758B44F524006594001CEDAA /* Main.storyboard in Resources */,
			);
			runOnlyForDeploymentPostprocessing = 0;
		};
		758B450124006596001CEDAA /* Resources */ = {
			isa = PBXResourcesBuildPhase;
			buildActionMask = 2147483647;
			files = (
			);
			runOnlyForDeploymentPostprocessing = 0;
		};
/* End PBXResourcesBuildPhase section */

/* Begin PBXSourcesBuildPhase section */
		758B44E624006594001CEDAA /* Sources */ = {
			isa = PBXSourcesBuildPhase;
			buildActionMask = 2147483647;
			files = (
				7560A8FC240A2AFF0081679D /* CD_Location+CoreDataProperties.swift in Sources */,
				758B451424006634001CEDAA /* Members.swift in Sources */,
				754CF8CF24030C6300483CCF /* Utility.swift in Sources */,
				754CF8CA24030AE500483CCF /* NetworkWrapper.swift in Sources */,
				7560A90A240A2AFF0081679D /* MemberService.swift in Sources */,
				754CF8CD24030B3D00483CCF /* Jet2TTError.swift in Sources */,
				7560A8E0240A24010081679D /* CoreDataManager.swift in Sources */,
				754D771324044DC100769039 /* Jet2TTEmployeeDetailCell.swift in Sources */,
				754CF8E02403109C00483CCF /* Jet2TTNoConnectionView.swift in Sources */,
				754CF8D124030CA000483CCF /* ImageDownloader.swift in Sources */,
				754CF8DE24030FAB00483CCF /* Jet2TTTitleView.swift in Sources */,
				7560A8FE240A2AFF0081679D /* CD_Picture+CoreDataProperties.swift in Sources */,
				758B44F224006594001CEDAA /* Jet2TTEmployeeViewController.swift in Sources */,
				7560A8DF240A24010081679D /* Jet2TTApp.xcdatamodeld in Sources */,
				7560A8FF240A2AFF0081679D /* DOBService.swift in Sources */,
				7560A904240A2AFF0081679D /* CD_Name+CoreDataProperties.swift in Sources */,
				7560A8E4240A27620081679D /* Reachability.swift in Sources */,
				7560A900240A2AFF0081679D /* PictureService.swift in Sources */,
				7560A905240A2AFF0081679D /* CD_PageInfo+CoreDataClass.swift in Sources */,
				7560A901240A2AFF0081679D /* CD_Member+CoreDataProperties.swift in Sources */,
				7560A902240A2AFF0081679D /* CD_Location+CoreDataClass.swift in Sources */,
				7560A906240A2AFF0081679D /* CD_Member+CoreDataClass.swift in Sources */,
				7560A8FA240A2AFF0081679D /* NameService.swift in Sources */,
				754CF8ED240316C400483CCF /* Jet2TTEmployeeViewModel.swift in Sources */,
				7560A909240A2AFF0081679D /* InfoService.swift in Sources */,
				754CF8E22403140200483CCF /* Employee+CoreDataClass.swift in Sources */,
				754CF8EA240315B300483CCF /* Jet2TTEmployeeDetailViewController.swift in Sources */,
				758B44EE24006594001CEDAA /* AppDelegate.swift in Sources */,
				754CF8DC24030F0900483CCF /* Jet2TTEmployeeCell.swift in Sources */,
				7560A8E1240A24010081679D /* Jet2TTCoreDataStack.swift in Sources */,
				7560A903240A2AFF0081679D /* CD_PageInfo+CoreDataProperties.swift in Sources */,
				7560A8F9240A2AFF0081679D /* CD_Dob+CoreDataClass.swift in Sources */,
				754D771524044E1200769039 /* Jet2TTEmployeeDetailHeaderView.swift in Sources */,
				7560A8FD240A2AFF0081679D /* LocationService.swift in Sources */,
				7560A907240A2AFF0081679D /* CD_Dob+CoreDataProperties.swift in Sources */,
				754CF8D924030E9700483CCF /* SpinnerView.swift in Sources */,
				7560A908240A2AFF0081679D /* CD_Name+CoreDataClass.swift in Sources */,
				7560A8E5240A27620081679D /* ReachabilityManager.swift in Sources */,
				7560A8FB240A2AFF0081679D /* CD_Picture+CoreDataClass.swift in Sources */,
			);
			runOnlyForDeploymentPostprocessing = 0;
		};
		758B44FF24006596001CEDAA /* Sources */ = {
			isa = PBXSourcesBuildPhase;
			buildActionMask = 2147483647;
			files = (
				7560A90C240A2FC10081679D /* NetworkWrapperTests.swift in Sources */,
				758B450824006597001CEDAA /* Jet2TTAppTests.swift in Sources */,
			);
			runOnlyForDeploymentPostprocessing = 0;
		};
/* End PBXSourcesBuildPhase section */

/* Begin PBXTargetDependency section */
		758B450524006596001CEDAA /* PBXTargetDependency */ = {
			isa = PBXTargetDependency;
			target = 758B44E924006594001CEDAA /* Jet2TTApp */;
			targetProxy = 758B450424006596001CEDAA /* PBXContainerItemProxy */;
		};
/* End PBXTargetDependency section */

/* Begin PBXVariantGroup section */
		758B44F324006594001CEDAA /* Main.storyboard */ = {
			isa = PBXVariantGroup;
			children = (
				758B44F424006594001CEDAA /* Base */,
			);
			name = Main.storyboard;
			sourceTree = "<group>";
		};
		758B44FB24006596001CEDAA /* LaunchScreen.storyboard */ = {
			isa = PBXVariantGroup;
			children = (
				758B44FC24006596001CEDAA /* Base */,
			);
			name = LaunchScreen.storyboard;
			sourceTree = "<group>";
		};
/* End PBXVariantGroup section */

/* Begin XCBuildConfiguration section */
		758B450A24006597001CEDAA /* Debug */ = {
			isa = XCBuildConfiguration;
			buildSettings = {
				ALWAYS_SEARCH_USER_PATHS = NO;
				CLANG_ANALYZER_NONNULL = YES;
				CLANG_ANALYZER_NUMBER_OBJECT_CONVERSION = YES_AGGRESSIVE;
				CLANG_CXX_LANGUAGE_STANDARD = "gnu++14";
				CLANG_CXX_LIBRARY = "libc++";
				CLANG_ENABLE_MODULES = YES;
				CLANG_ENABLE_OBJC_ARC = YES;
				CLANG_ENABLE_OBJC_WEAK = YES;
				CLANG_WARN_BLOCK_CAPTURE_AUTORELEASING = YES;
				CLANG_WARN_BOOL_CONVERSION = YES;
				CLANG_WARN_COMMA = YES;
				CLANG_WARN_CONSTANT_CONVERSION = YES;
				CLANG_WARN_DEPRECATED_OBJC_IMPLEMENTATIONS = YES;
				CLANG_WARN_DIRECT_OBJC_ISA_USAGE = YES_ERROR;
				CLANG_WARN_DOCUMENTATION_COMMENTS = YES;
				CLANG_WARN_EMPTY_BODY = YES;
				CLANG_WARN_ENUM_CONVERSION = YES;
				CLANG_WARN_INFINITE_RECURSION = YES;
				CLANG_WARN_INT_CONVERSION = YES;
				CLANG_WARN_NON_LITERAL_NULL_CONVERSION = YES;
				CLANG_WARN_OBJC_IMPLICIT_RETAIN_SELF = YES;
				CLANG_WARN_OBJC_LITERAL_CONVERSION = YES;
				CLANG_WARN_OBJC_ROOT_CLASS = YES_ERROR;
				CLANG_WARN_RANGE_LOOP_ANALYSIS = YES;
				CLANG_WARN_STRICT_PROTOTYPES = YES;
				CLANG_WARN_SUSPICIOUS_MOVE = YES;
				CLANG_WARN_UNGUARDED_AVAILABILITY = YES_AGGRESSIVE;
				CLANG_WARN_UNREACHABLE_CODE = YES;
				CLANG_WARN__DUPLICATE_METHOD_MATCH = YES;
				COPY_PHASE_STRIP = NO;
				DEBUG_INFORMATION_FORMAT = dwarf;
				ENABLE_STRICT_OBJC_MSGSEND = YES;
				ENABLE_TESTABILITY = YES;
				GCC_C_LANGUAGE_STANDARD = gnu11;
				GCC_DYNAMIC_NO_PIC = NO;
				GCC_NO_COMMON_BLOCKS = YES;
				GCC_OPTIMIZATION_LEVEL = 0;
				GCC_PREPROCESSOR_DEFINITIONS = (
					"DEBUG=1",
					"$(inherited)",
				);
				GCC_WARN_64_TO_32_BIT_CONVERSION = YES;
				GCC_WARN_ABOUT_RETURN_TYPE = YES_ERROR;
				GCC_WARN_UNDECLARED_SELECTOR = YES;
				GCC_WARN_UNINITIALIZED_AUTOS = YES_AGGRESSIVE;
				GCC_WARN_UNUSED_FUNCTION = YES;
				GCC_WARN_UNUSED_VARIABLE = YES;
				IPHONEOS_DEPLOYMENT_TARGET = 13.2;
				MTL_ENABLE_DEBUG_INFO = INCLUDE_SOURCE;
				MTL_FAST_MATH = YES;
				ONLY_ACTIVE_ARCH = YES;
				SDKROOT = iphoneos;
				SWIFT_ACTIVE_COMPILATION_CONDITIONS = DEBUG;
				SWIFT_OPTIMIZATION_LEVEL = "-Onone";
			};
			name = Debug;
		};
		758B450B24006597001CEDAA /* Release */ = {
			isa = XCBuildConfiguration;
			buildSettings = {
				ALWAYS_SEARCH_USER_PATHS = NO;
				CLANG_ANALYZER_NONNULL = YES;
				CLANG_ANALYZER_NUMBER_OBJECT_CONVERSION = YES_AGGRESSIVE;
				CLANG_CXX_LANGUAGE_STANDARD = "gnu++14";
				CLANG_CXX_LIBRARY = "libc++";
				CLANG_ENABLE_MODULES = YES;
				CLANG_ENABLE_OBJC_ARC = YES;
				CLANG_ENABLE_OBJC_WEAK = YES;
				CLANG_WARN_BLOCK_CAPTURE_AUTORELEASING = YES;
				CLANG_WARN_BOOL_CONVERSION = YES;
				CLANG_WARN_COMMA = YES;
				CLANG_WARN_CONSTANT_CONVERSION = YES;
				CLANG_WARN_DEPRECATED_OBJC_IMPLEMENTATIONS = YES;
				CLANG_WARN_DIRECT_OBJC_ISA_USAGE = YES_ERROR;
				CLANG_WARN_DOCUMENTATION_COMMENTS = YES;
				CLANG_WARN_EMPTY_BODY = YES;
				CLANG_WARN_ENUM_CONVERSION = YES;
				CLANG_WARN_INFINITE_RECURSION = YES;
				CLANG_WARN_INT_CONVERSION = YES;
				CLANG_WARN_NON_LITERAL_NULL_CONVERSION = YES;
				CLANG_WARN_OBJC_IMPLICIT_RETAIN_SELF = YES;
				CLANG_WARN_OBJC_LITERAL_CONVERSION = YES;
				CLANG_WARN_OBJC_ROOT_CLASS = YES_ERROR;
				CLANG_WARN_RANGE_LOOP_ANALYSIS = YES;
				CLANG_WARN_STRICT_PROTOTYPES = YES;
				CLANG_WARN_SUSPICIOUS_MOVE = YES;
				CLANG_WARN_UNGUARDED_AVAILABILITY = YES_AGGRESSIVE;
				CLANG_WARN_UNREACHABLE_CODE = YES;
				CLANG_WARN__DUPLICATE_METHOD_MATCH = YES;
				COPY_PHASE_STRIP = NO;
				DEBUG_INFORMATION_FORMAT = "dwarf-with-dsym";
				ENABLE_NS_ASSERTIONS = NO;
				ENABLE_STRICT_OBJC_MSGSEND = YES;
				GCC_C_LANGUAGE_STANDARD = gnu11;
				GCC_NO_COMMON_BLOCKS = YES;
				GCC_WARN_64_TO_32_BIT_CONVERSION = YES;
				GCC_WARN_ABOUT_RETURN_TYPE = YES_ERROR;
				GCC_WARN_UNDECLARED_SELECTOR = YES;
				GCC_WARN_UNINITIALIZED_AUTOS = YES_AGGRESSIVE;
				GCC_WARN_UNUSED_FUNCTION = YES;
				GCC_WARN_UNUSED_VARIABLE = YES;
				IPHONEOS_DEPLOYMENT_TARGET = 13.2;
				MTL_ENABLE_DEBUG_INFO = NO;
				MTL_FAST_MATH = YES;
				SDKROOT = iphoneos;
				SWIFT_COMPILATION_MODE = wholemodule;
				SWIFT_OPTIMIZATION_LEVEL = "-O";
				VALIDATE_PRODUCT = YES;
			};
			name = Release;
		};
		758B450D24006597001CEDAA /* Debug */ = {
			isa = XCBuildConfiguration;
			buildSettings = {
				ASSETCATALOG_COMPILER_APPICON_NAME = AppIcon;
				CODE_SIGN_STYLE = Automatic;
				INFOPLIST_FILE = Jet2TTApp/Info.plist;
				LD_RUNPATH_SEARCH_PATHS = (
					"$(inherited)",
					"@executable_path/Frameworks",
				);
				PRODUCT_BUNDLE_IDENTIFIER = com.anuj.Jet2TTApp;
				PRODUCT_NAME = "$(TARGET_NAME)";
				SWIFT_VERSION = 5.0;
				TARGETED_DEVICE_FAMILY = "1,2";
			};
			name = Debug;
		};
		758B450E24006597001CEDAA /* Release */ = {
			isa = XCBuildConfiguration;
			buildSettings = {
				ASSETCATALOG_COMPILER_APPICON_NAME = AppIcon;
				CODE_SIGN_STYLE = Automatic;
				INFOPLIST_FILE = Jet2TTApp/Info.plist;
				LD_RUNPATH_SEARCH_PATHS = (
					"$(inherited)",
					"@executable_path/Frameworks",
				);
				PRODUCT_BUNDLE_IDENTIFIER = com.anuj.Jet2TTApp;
				PRODUCT_NAME = "$(TARGET_NAME)";
				SWIFT_VERSION = 5.0;
				TARGETED_DEVICE_FAMILY = "1,2";
			};
			name = Release;
		};
		758B451024006597001CEDAA /* Debug */ = {
			isa = XCBuildConfiguration;
			buildSettings = {
				ALWAYS_EMBED_SWIFT_STANDARD_LIBRARIES = YES;
				BUNDLE_LOADER = "$(TEST_HOST)";
				CODE_SIGN_STYLE = Automatic;
				INFOPLIST_FILE = Jet2TTAppTests/Info.plist;
				IPHONEOS_DEPLOYMENT_TARGET = 13.2;
				LD_RUNPATH_SEARCH_PATHS = (
					"$(inherited)",
					"@executable_path/Frameworks",
					"@loader_path/Frameworks",
				);
				PRODUCT_BUNDLE_IDENTIFIER = com.anuj.Jet2TTAppTests;
				PRODUCT_NAME = "$(TARGET_NAME)";
				SWIFT_VERSION = 5.0;
				TARGETED_DEVICE_FAMILY = "1,2";
				TEST_HOST = "$(BUILT_PRODUCTS_DIR)/Jet2TTApp.app/Jet2TTApp";
			};
			name = Debug;
		};
		758B451124006597001CEDAA /* Release */ = {
			isa = XCBuildConfiguration;
			buildSettings = {
				ALWAYS_EMBED_SWIFT_STANDARD_LIBRARIES = YES;
				BUNDLE_LOADER = "$(TEST_HOST)";
				CODE_SIGN_STYLE = Automatic;
				INFOPLIST_FILE = Jet2TTAppTests/Info.plist;
				IPHONEOS_DEPLOYMENT_TARGET = 13.2;
				LD_RUNPATH_SEARCH_PATHS = (
					"$(inherited)",
					"@executable_path/Frameworks",
					"@loader_path/Frameworks",
				);
				PRODUCT_BUNDLE_IDENTIFIER = com.anuj.Jet2TTAppTests;
				PRODUCT_NAME = "$(TARGET_NAME)";
				SWIFT_VERSION = 5.0;
				TARGETED_DEVICE_FAMILY = "1,2";
				TEST_HOST = "$(BUILT_PRODUCTS_DIR)/Jet2TTApp.app/Jet2TTApp";
			};
			name = Release;
		};
/* End XCBuildConfiguration section */

/* Begin XCConfigurationList section */
		758B44E524006594001CEDAA /* Build configuration list for PBXProject "Jet2TTApp" */ = {
			isa = XCConfigurationList;
			buildConfigurations = (
				758B450A24006597001CEDAA /* Debug */,
				758B450B24006597001CEDAA /* Release */,
			);
			defaultConfigurationIsVisible = 0;
			defaultConfigurationName = Release;
		};
		758B450C24006597001CEDAA /* Build configuration list for PBXNativeTarget "Jet2TTApp" */ = {
			isa = XCConfigurationList;
			buildConfigurations = (
				758B450D24006597001CEDAA /* Debug */,
				758B450E24006597001CEDAA /* Release */,
			);
			defaultConfigurationIsVisible = 0;
			defaultConfigurationName = Release;
		};
		758B450F24006597001CEDAA /* Build configuration list for PBXNativeTarget "Jet2TTAppTests" */ = {
			isa = XCConfigurationList;
			buildConfigurations = (
				758B451024006597001CEDAA /* Debug */,
				758B451124006597001CEDAA /* Release */,
			);
			defaultConfigurationIsVisible = 0;
			defaultConfigurationName = Release;
		};
/* End XCConfigurationList section */

/* Begin XCVersionGroup section */
		7560A8DB240A24010081679D /* Jet2TTApp.xcdatamodeld */ = {
			isa = XCVersionGroup;
			children = (
				7560A8DC240A24010081679D /* VAManagerBuddy.xcdatamodel */,
			);
			currentVersion = 7560A8DC240A24010081679D /* VAManagerBuddy.xcdatamodel */;
			path = Jet2TTApp.xcdatamodeld;
			sourceTree = "<group>";
			versionGroupType = wrapper.xcdatamodel;
		};
/* End XCVersionGroup section */
	};
	rootObject = 758B44E224006594001CEDAA /* Project object */;
}
